
Microsoft Visual Studio Solution File, Format Version 12.00
# Visual Studio Version 17
VisualStudioVersion = 17.4.33205.214
MinimumVisualStudioVersion = 10.0.40219.1
Project("{9A19103F-16F7-4668-BE54-9A1E7A4F7556}") = "SerialLoops", "src\SerialLoops\SerialLoops.csproj", "{E049F009-138F-401A-9D5A-1977CB8DAF49}"
EndProject
Project("{9A19103F-16F7-4668-BE54-9A1E7A4F7556}") = "SerialLoops.Tests", "test\SerialLoops.Tests\SerialLoops.Tests.csproj", "{0B5D20CC-9E91-4BC0-8A6E-0342ADCAC48D}"
EndProject
Project("{9A19103F-16F7-4668-BE54-9A1E7A4F7556}") = "SerialLoops.Lib", "src\SerialLoops.Lib\SerialLoops.Lib.csproj", "{CC729174-57CD-499A-B6E7-1FA6F9CE255F}"
EndProject
Project("{9A19103F-16F7-4668-BE54-9A1E7A4F7556}") = "SerialLoops.Gtk", "src\SerialLoops.Gtk\SerialLoops.Gtk.csproj", "{EA5F17A9-CA95-43A0-BE14-33F41EDF02BB}"
EndProject
Project("{9A19103F-16F7-4668-BE54-9A1E7A4F7556}") = "SerialLoops.Mac", "src\SerialLoops.Mac\SerialLoops.Mac.csproj", "{2DF676C8-9917-48EA-A8CF-435CE29BB8A8}"
EndProject
Project("{9A19103F-16F7-4668-BE54-9A1E7A4F7556}") = "SerialLoops.Wpf", "src\SerialLoops.Wpf\SerialLoops.Wpf.csproj", "{2DF0B35B-5A1C-43C7-A6BD-95D4D48FE39A}"
EndProject
Project("{2150E333-8FDC-42A3-9474-1A3956D46DE8}") = "src", "src", "{79884E84-D537-402C-BC5F-33F2B9ED56A0}"
EndProject
Project("{2150E333-8FDC-42A3-9474-1A3956D46DE8}") = "test", "test", "{1F8886B6-CAA8-4A7C-BC62-56F591290E02}"
EndProject
Project("{2150E333-8FDC-42A3-9474-1A3956D46DE8}") = "platforms", "platforms", "{D63057DD-B2DB-49A0-8680-0CDBE6268550}"
EndProject
Project("{9A19103F-16F7-4668-BE54-9A1E7A4F7556}") = "LoopyUpdater", "install\LoopyUpdater\LoopyUpdater.csproj", "{1335EA86-D7F4-4779-84DC-A8A52E2571AC}"
EndProject
Project("{2150E333-8FDC-42A3-9474-1A3956D46DE8}") = "install", "install", "{8B0938E1-0B93-498B-B798-6D5BFD8AE0CA}"
EndProject
Global
	GlobalSection(SolutionConfigurationPlatforms) = preSolution
		Debug|Any CPU = Debug|Any CPU
		Release|Any CPU = Release|Any CPU
	EndGlobalSection
	GlobalSection(ProjectConfigurationPlatforms) = postSolution
		{E049F009-138F-401A-9D5A-1977CB8DAF49}.Debug|Any CPU.ActiveCfg = Debug|Any CPU
		{E049F009-138F-401A-9D5A-1977CB8DAF49}.Debug|Any CPU.Build.0 = Debug|Any CPU
		{E049F009-138F-401A-9D5A-1977CB8DAF49}.Release|Any CPU.ActiveCfg = Release|Any CPU
		{E049F009-138F-401A-9D5A-1977CB8DAF49}.Release|Any CPU.Build.0 = Release|Any CPU
		{0B5D20CC-9E91-4BC0-8A6E-0342ADCAC48D}.Debug|Any CPU.ActiveCfg = Debug|Any CPU
		{0B5D20CC-9E91-4BC0-8A6E-0342ADCAC48D}.Debug|Any CPU.Build.0 = Debug|Any CPU
		{0B5D20CC-9E91-4BC0-8A6E-0342ADCAC48D}.Release|Any CPU.ActiveCfg = Release|Any CPU
		{0B5D20CC-9E91-4BC0-8A6E-0342ADCAC48D}.Release|Any CPU.Build.0 = Release|Any CPU
		{CC729174-57CD-499A-B6E7-1FA6F9CE255F}.Debug|Any CPU.ActiveCfg = Debug|Any CPU
		{CC729174-57CD-499A-B6E7-1FA6F9CE255F}.Debug|Any CPU.Build.0 = Debug|Any CPU
		{CC729174-57CD-499A-B6E7-1FA6F9CE255F}.Release|Any CPU.ActiveCfg = Release|Any CPU
		{CC729174-57CD-499A-B6E7-1FA6F9CE255F}.Release|Any CPU.Build.0 = Release|Any CPU
		{EA5F17A9-CA95-43A0-BE14-33F41EDF02BB}.Debug|Any CPU.ActiveCfg = Debug|Any CPU
		{EA5F17A9-CA95-43A0-BE14-33F41EDF02BB}.Debug|Any CPU.Build.0 = Debug|Any CPU
		{EA5F17A9-CA95-43A0-BE14-33F41EDF02BB}.Release|Any CPU.ActiveCfg = Release|Any CPU
		{EA5F17A9-CA95-43A0-BE14-33F41EDF02BB}.Release|Any CPU.Build.0 = Release|Any CPU
		{2DF676C8-9917-48EA-A8CF-435CE29BB8A8}.Debug|Any CPU.ActiveCfg = Debug|Any CPU
		{2DF676C8-9917-48EA-A8CF-435CE29BB8A8}.Debug|Any CPU.Build.0 = Debug|Any CPU
		{2DF676C8-9917-48EA-A8CF-435CE29BB8A8}.Release|Any CPU.ActiveCfg = Release|Any CPU
		{2DF676C8-9917-48EA-A8CF-435CE29BB8A8}.Release|Any CPU.Build.0 = Release|Any CPU
		{2DF0B35B-5A1C-43C7-A6BD-95D4D48FE39A}.Debug|Any CPU.ActiveCfg = Debug|Any CPU
		{2DF0B35B-5A1C-43C7-A6BD-95D4D48FE39A}.Debug|Any CPU.Build.0 = Debug|Any CPU
		{2DF0B35B-5A1C-43C7-A6BD-95D4D48FE39A}.Release|Any CPU.ActiveCfg = Release|Any CPU
		{2DF0B35B-5A1C-43C7-A6BD-95D4D48FE39A}.Release|Any CPU.Build.0 = Release|Any CPU
		{1335EA86-D7F4-4779-84DC-A8A52E2571AC}.Debug|Any CPU.ActiveCfg = Debug|Any CPU
		{1335EA86-D7F4-4779-84DC-A8A52E2571AC}.Debug|Any CPU.Build.0 = Debug|Any CPU
		{1335EA86-D7F4-4779-84DC-A8A52E2571AC}.Release|Any CPU.ActiveCfg = Release|Any CPU
		{1335EA86-D7F4-4779-84DC-A8A52E2571AC}.Release|Any CPU.Build.0 = Release|Any CPU
	EndGlobalSection
	GlobalSection(SolutionProperties) = preSolution
		HideSolutionNode = FALSE
	EndGlobalSection
	GlobalSection(NestedProjects) = preSolution
		{E049F009-138F-401A-9D5A-1977CB8DAF49} = {79884E84-D537-402C-BC5F-33F2B9ED56A0}
		{0B5D20CC-9E91-4BC0-8A6E-0342ADCAC48D} = {1F8886B6-CAA8-4A7C-BC62-56F591290E02}
		{CC729174-57CD-499A-B6E7-1FA6F9CE255F} = {79884E84-D537-402C-BC5F-33F2B9ED56A0}
		{EA5F17A9-CA95-43A0-BE14-33F41EDF02BB} = {D63057DD-B2DB-49A0-8680-0CDBE6268550}
		{2DF676C8-9917-48EA-A8CF-435CE29BB8A8} = {D63057DD-B2DB-49A0-8680-0CDBE6268550}
		{2DF0B35B-5A1C-43C7-A6BD-95D4D48FE39A} = {D63057DD-B2DB-49A0-8680-0CDBE6268550}
		{D63057DD-B2DB-49A0-8680-0CDBE6268550} = {79884E84-D537-402C-BC5F-33F2B9ED56A0}
		{1335EA86-D7F4-4779-84DC-A8A52E2571AC} = {8B0938E1-0B93-498B-B798-6D5BFD8AE0CA}
	EndGlobalSection
	GlobalSection(ExtensibilityGlobals) = postSolution
		SolutionGuid = {A7259B55-BEEA-4ECC-AC0A-85CC8FA1BD53}
	EndGlobalSection
EndGlobal
