
Microsoft Visual Studio Solution File, Format Version 12.00
# Visual Studio Version 17
VisualStudioVersion = 17.4.33205.214
MinimumVisualStudioVersion = 10.0.40219.1
Project("{9A19103F-16F7-4668-BE54-9A1E7A4F7556}") = "SerialLoops", "src\SerialLoops\SerialLoops.csproj", "{E049F009-138F-401A-9D5A-1977CB8DAF49}"
EndProject
Global
	GlobalSection(SolutionConfigurationPlatforms) = preSolution
		Debug|Any CPU = Debug|Any CPU
		Release|Any CPU = Release|Any CPU
	EndGlobalSection
	GlobalSection(ProjectConfigurationPlatforms) = postSolution
		{E049F009-138F-401A-9D5A-1977CB8DAF49}.Debug|Any CPU.ActiveCfg = Debug|Any CPU
		{E049F009-138F-401A-9D5A-1977CB8DAF49}.Debug|Any CPU.Build.0 = Debug|Any CPU
		{E049F009-138F-401A-9D5A-1977CB8DAF49}.Release|Any CPU.ActiveCfg = Release|Any CPU
		{E049F009-138F-401A-9D5A-1977CB8DAF49}.Release|Any CPU.Build.0 = Release|Any CPU
	EndGlobalSection
	GlobalSection(SolutionProperties) = preSolution
		HideSolutionNode = FALSE
	EndGlobalSection
	GlobalSection(ExtensibilityGlobals) = postSolution
		SolutionGuid = {A7259B55-BEEA-4ECC-AC0A-85CC8FA1BD53}
	EndGlobalSection
EndGlobal
